// !$*UTF8*$!
{
	archiveVersion = 1;
	classes = {
	};
	objectVersion = 55;
	objects = {

/* Begin PBXBuildFile section */
		2A64687C28D6116A00579E2C /* AVOApp.swift in Sources */ = {isa = PBXBuildFile; fileRef = 2A64687B28D6116A00579E2C /* AVOApp.swift */; };
		2A64687E28D6116A00579E2C /* ContentView.swift in Sources */ = {isa = PBXBuildFile; fileRef = 2A64687D28D6116A00579E2C /* ContentView.swift */; };
		2A64688028D6117200579E2C /* Assets.xcassets in Resources */ = {isa = PBXBuildFile; fileRef = 2A64687F28D6117200579E2C /* Assets.xcassets */; };
		2A64688328D6117200579E2C /* Preview Assets.xcassets in Resources */ = {isa = PBXBuildFile; fileRef = 2A64688228D6117200579E2C /* Preview Assets.xcassets */; };
		2A64688D28D6117200579E2C /* AVOTests.swift in Sources */ = {isa = PBXBuildFile; fileRef = 2A64688C28D6117200579E2C /* AVOTests.swift */; };
		2A64689728D6117300579E2C /* AVOUITests.swift in Sources */ = {isa = PBXBuildFile; fileRef = 2A64689628D6117300579E2C /* AVOUITests.swift */; };
		2A64689928D6117300579E2C /* AVOUITestsLaunchTests.swift in Sources */ = {isa = PBXBuildFile; fileRef = 2A64689828D6117300579E2C /* AVOUITestsLaunchTests.swift */; };
		2A6468AC28D6129A00579E2C /* AppView.swift in Sources */ = {isa = PBXBuildFile; fileRef = 2A6468A828D6129A00579E2C /* AppView.swift */; };
		2A6468AD28D6129A00579E2C /* AvocadosView.swift in Sources */ = {isa = PBXBuildFile; fileRef = 2A6468A928D6129A00579E2C /* AvocadosView.swift */; };
		2A6468AE28D6129A00579E2C /* RipeningStagesView.swift in Sources */ = {isa = PBXBuildFile; fileRef = 2A6468AA28D6129A00579E2C /* RipeningStagesView.swift */; };
		2A6468AF28D6129A00579E2C /* SettingsView.swift in Sources */ = {isa = PBXBuildFile; fileRef = 2A6468AB28D6129A00579E2C /* SettingsView.swift */; };
		2A6468B128D61AB500579E2C /* HeaderView.swift in Sources */ = {isa = PBXBuildFile; fileRef = 2A6468B028D61AB500579E2C /* HeaderView.swift */; };
		2A6468B328D6285C00579E2C /* HeaderModel.swift in Sources */ = {isa = PBXBuildFile; fileRef = 2A6468B228D6285C00579E2C /* HeaderModel.swift */; };
		2A6468B528D628CB00579E2C /* HeaderData.swift in Sources */ = {isa = PBXBuildFile; fileRef = 2A6468B428D628CB00579E2C /* HeaderData.swift */; };
		2A6468B728D62C3100579E2C /* DishesView.swift in Sources */ = {isa = PBXBuildFile; fileRef = 2A6468B628D62C3100579E2C /* DishesView.swift */; };
/* End PBXBuildFile section */

/* Begin PBXContainerItemProxy section */
		2A64688928D6117200579E2C /* PBXContainerItemProxy */ = {
			isa = PBXContainerItemProxy;
			containerPortal = 2A64687028D6116A00579E2C /* Project object */;
			proxyType = 1;
			remoteGlobalIDString = 2A64687728D6116A00579E2C;
			remoteInfo = AVO;
		};
		2A64689328D6117300579E2C /* PBXContainerItemProxy */ = {
			isa = PBXContainerItemProxy;
			containerPortal = 2A64687028D6116A00579E2C /* Project object */;
			proxyType = 1;
			remoteGlobalIDString = 2A64687728D6116A00579E2C;
			remoteInfo = AVO;
		};
/* End PBXContainerItemProxy section */

/* Begin PBXFileReference section */
		2A64687828D6116A00579E2C /* AVO.app */ = {isa = PBXFileReference; explicitFileType = wrapper.application; includeInIndex = 0; path = AVO.app; sourceTree = BUILT_PRODUCTS_DIR; };
		2A64687B28D6116A00579E2C /* AVOApp.swift */ = {isa = PBXFileReference; lastKnownFileType = sourcecode.swift; path = AVOApp.swift; sourceTree = "<group>"; };
		2A64687D28D6116A00579E2C /* ContentView.swift */ = {isa = PBXFileReference; lastKnownFileType = sourcecode.swift; path = ContentView.swift; sourceTree = "<group>"; };
		2A64687F28D6117200579E2C /* Assets.xcassets */ = {isa = PBXFileReference; lastKnownFileType = folder.assetcatalog; path = Assets.xcassets; sourceTree = "<group>"; };
		2A64688228D6117200579E2C /* Preview Assets.xcassets */ = {isa = PBXFileReference; lastKnownFileType = folder.assetcatalog; path = "Preview Assets.xcassets"; sourceTree = "<group>"; };
		2A64688828D6117200579E2C /* AVOTests.xctest */ = {isa = PBXFileReference; explicitFileType = wrapper.cfbundle; includeInIndex = 0; path = AVOTests.xctest; sourceTree = BUILT_PRODUCTS_DIR; };
		2A64688C28D6117200579E2C /* AVOTests.swift */ = {isa = PBXFileReference; lastKnownFileType = sourcecode.swift; path = AVOTests.swift; sourceTree = "<group>"; };
		2A64689228D6117300579E2C /* AVOUITests.xctest */ = {isa = PBXFileReference; explicitFileType = wrapper.cfbundle; includeInIndex = 0; path = AVOUITests.xctest; sourceTree = BUILT_PRODUCTS_DIR; };
		2A64689628D6117300579E2C /* AVOUITests.swift */ = {isa = PBXFileReference; lastKnownFileType = sourcecode.swift; path = AVOUITests.swift; sourceTree = "<group>"; };
		2A64689828D6117300579E2C /* AVOUITestsLaunchTests.swift */ = {isa = PBXFileReference; lastKnownFileType = sourcecode.swift; path = AVOUITestsLaunchTests.swift; sourceTree = "<group>"; };
		2A6468A828D6129A00579E2C /* AppView.swift */ = {isa = PBXFileReference; fileEncoding = 4; lastKnownFileType = sourcecode.swift; path = AppView.swift; sourceTree = "<group>"; };
		2A6468A928D6129A00579E2C /* AvocadosView.swift */ = {isa = PBXFileReference; fileEncoding = 4; lastKnownFileType = sourcecode.swift; path = AvocadosView.swift; sourceTree = "<group>"; };
		2A6468AA28D6129A00579E2C /* RipeningStagesView.swift */ = {isa = PBXFileReference; fileEncoding = 4; lastKnownFileType = sourcecode.swift; path = RipeningStagesView.swift; sourceTree = "<group>"; };
		2A6468AB28D6129A00579E2C /* SettingsView.swift */ = {isa = PBXFileReference; fileEncoding = 4; lastKnownFileType = sourcecode.swift; path = SettingsView.swift; sourceTree = "<group>"; };
		2A6468B028D61AB500579E2C /* HeaderView.swift */ = {isa = PBXFileReference; lastKnownFileType = sourcecode.swift; path = HeaderView.swift; sourceTree = "<group>"; };
		2A6468B228D6285C00579E2C /* HeaderModel.swift */ = {isa = PBXFileReference; lastKnownFileType = sourcecode.swift; path = HeaderModel.swift; sourceTree = "<group>"; };
		2A6468B428D628CB00579E2C /* HeaderData.swift */ = {isa = PBXFileReference; lastKnownFileType = sourcecode.swift; path = HeaderData.swift; sourceTree = "<group>"; };
		2A6468B628D62C3100579E2C /* DishesView.swift */ = {isa = PBXFileReference; lastKnownFileType = sourcecode.swift; path = DishesView.swift; sourceTree = "<group>"; };
/* End PBXFileReference section */

/* Begin PBXFrameworksBuildPhase section */
		2A64687528D6116A00579E2C /* Frameworks */ = {
			isa = PBXFrameworksBuildPhase;
			buildActionMask = 2147483647;
			files = (
			);
			runOnlyForDeploymentPostprocessing = 0;
		};
		2A64688528D6117200579E2C /* Frameworks */ = {
			isa = PBXFrameworksBuildPhase;
			buildActionMask = 2147483647;
			files = (
			);
			runOnlyForDeploymentPostprocessing = 0;
		};
		2A64688F28D6117300579E2C /* Frameworks */ = {
			isa = PBXFrameworksBuildPhase;
			buildActionMask = 2147483647;
			files = (
			);
			runOnlyForDeploymentPostprocessing = 0;
		};
/* End PBXFrameworksBuildPhase section */

/* Begin PBXGroup section */
		2A64686F28D6116A00579E2C = {
			isa = PBXGroup;
			children = (
				2A64687A28D6116A00579E2C /* AVO */,
				2A64688B28D6117200579E2C /* AVOTests */,
				2A64689528D6117300579E2C /* AVOUITests */,
				2A64687928D6116A00579E2C /* Products */,
			);
			sourceTree = "<group>";
		};
		2A64687928D6116A00579E2C /* Products */ = {
			isa = PBXGroup;
			children = (
				2A64687828D6116A00579E2C /* AVO.app */,
				2A64688828D6117200579E2C /* AVOTests.xctest */,
				2A64689228D6117300579E2C /* AVOUITests.xctest */,
			);
			name = Products;
			sourceTree = "<group>";
		};
		2A64687A28D6116A00579E2C /* AVO */ = {
			isa = PBXGroup;
			children = (
				2A6468A728D611DC00579E2C /* Model */,
				2A6468A628D611D200579E2C /* Data */,
				2A6468A528D611C800579E2C /* View */,
				2A64687B28D6116A00579E2C /* AVOApp.swift */,
				2A64687F28D6117200579E2C /* Assets.xcassets */,
				2A64688128D6117200579E2C /* Preview Content */,
			);
			path = AVO;
			sourceTree = "<group>";
		};
		2A64688128D6117200579E2C /* Preview Content */ = {
			isa = PBXGroup;
			children = (
				2A64688228D6117200579E2C /* Preview Assets.xcassets */,
			);
			path = "Preview Content";
			sourceTree = "<group>";
		};
		2A64688B28D6117200579E2C /* AVOTests */ = {
			isa = PBXGroup;
			children = (
				2A64688C28D6117200579E2C /* AVOTests.swift */,
			);
			path = AVOTests;
			sourceTree = "<group>";
		};
		2A64689528D6117300579E2C /* AVOUITests */ = {
			isa = PBXGroup;
			children = (
				2A64689628D6117300579E2C /* AVOUITests.swift */,
				2A64689828D6117300579E2C /* AVOUITestsLaunchTests.swift */,
			);
			path = AVOUITests;
			sourceTree = "<group>";
		};
		2A6468A528D611C800579E2C /* View */ = {
			isa = PBXGroup;
			children = (
				2A6468A828D6129A00579E2C /* AppView.swift */,
				2A6468A928D6129A00579E2C /* AvocadosView.swift */,
				2A6468AA28D6129A00579E2C /* RipeningStagesView.swift */,
				2A6468AB28D6129A00579E2C /* SettingsView.swift */,
				2A64687D28D6116A00579E2C /* ContentView.swift */,
				2A6468B028D61AB500579E2C /* HeaderView.swift */,
				2A6468B628D62C3100579E2C /* DishesView.swift */,
			);
			path = View;
			sourceTree = "<group>";
		};
		2A6468A628D611D200579E2C /* Data */ = {
			isa = PBXGroup;
			children = (
				2A6468B428D628CB00579E2C /* HeaderData.swift */,
			);
			path = Data;
			sourceTree = "<group>";
		};
		2A6468A728D611DC00579E2C /* Model */ = {
			isa = PBXGroup;
			children = (
				2A6468B228D6285C00579E2C /* HeaderModel.swift */,
			);
			path = Model;
			sourceTree = "<group>";
		};
/* End PBXGroup section */

/* Begin PBXNativeTarget section */
		2A64687728D6116A00579E2C /* AVO */ = {
			isa = PBXNativeTarget;
			buildConfigurationList = 2A64689C28D6117300579E2C /* Build configuration list for PBXNativeTarget "AVO" */;
			buildPhases = (
				2A64687428D6116A00579E2C /* Sources */,
				2A64687528D6116A00579E2C /* Frameworks */,
				2A64687628D6116A00579E2C /* Resources */,
			);
			buildRules = (
			);
			dependencies = (
			);
			name = AVO;
			productName = AVO;
			productReference = 2A64687828D6116A00579E2C /* AVO.app */;
			productType = "com.apple.product-type.application";
		};
		2A64688728D6117200579E2C /* AVOTests */ = {
			isa = PBXNativeTarget;
			buildConfigurationList = 2A64689F28D6117300579E2C /* Build configuration list for PBXNativeTarget "AVOTests" */;
			buildPhases = (
				2A64688428D6117200579E2C /* Sources */,
				2A64688528D6117200579E2C /* Frameworks */,
				2A64688628D6117200579E2C /* Resources */,
			);
			buildRules = (
			);
			dependencies = (
				2A64688A28D6117200579E2C /* PBXTargetDependency */,
			);
			name = AVOTests;
			productName = AVOTests;
			productReference = 2A64688828D6117200579E2C /* AVOTests.xctest */;
			productType = "com.apple.product-type.bundle.unit-test";
		};
		2A64689128D6117300579E2C /* AVOUITests */ = {
			isa = PBXNativeTarget;
			buildConfigurationList = 2A6468A228D6117300579E2C /* Build configuration list for PBXNativeTarget "AVOUITests" */;
			buildPhases = (
				2A64688E28D6117300579E2C /* Sources */,
				2A64688F28D6117300579E2C /* Frameworks */,
				2A64689028D6117300579E2C /* Resources */,
			);
			buildRules = (
			);
			dependencies = (
				2A64689428D6117300579E2C /* PBXTargetDependency */,
			);
			name = AVOUITests;
			productName = AVOUITests;
			productReference = 2A64689228D6117300579E2C /* AVOUITests.xctest */;
			productType = "com.apple.product-type.bundle.ui-testing";
		};
/* End PBXNativeTarget section */

/* Begin PBXProject section */
		2A64687028D6116A00579E2C /* Project object */ = {
			isa = PBXProject;
			attributes = {
				BuildIndependentTargetsInParallel = 1;
				LastSwiftUpdateCheck = 1340;
				LastUpgradeCheck = 1340;
				TargetAttributes = {
					2A64687728D6116A00579E2C = {
						CreatedOnToolsVersion = 13.4.1;
					};
					2A64688728D6117200579E2C = {
						CreatedOnToolsVersion = 13.4.1;
						TestTargetID = 2A64687728D6116A00579E2C;
					};
					2A64689128D6117300579E2C = {
						CreatedOnToolsVersion = 13.4.1;
						TestTargetID = 2A64687728D6116A00579E2C;
					};
				};
			};
			buildConfigurationList = 2A64687328D6116A00579E2C /* Build configuration list for PBXProject "AVO" */;
			compatibilityVersion = "Xcode 13.0";
			developmentRegion = en;
			hasScannedForEncodings = 0;
			knownRegions = (
				en,
				Base,
			);
			mainGroup = 2A64686F28D6116A00579E2C;
			productRefGroup = 2A64687928D6116A00579E2C /* Products */;
			projectDirPath = "";
			projectRoot = "";
			targets = (
				2A64687728D6116A00579E2C /* AVO */,
				2A64688728D6117200579E2C /* AVOTests */,
				2A64689128D6117300579E2C /* AVOUITests */,
			);
		};
/* End PBXProject section */

/* Begin PBXResourcesBuildPhase section */
		2A64687628D6116A00579E2C /* Resources */ = {
			isa = PBXResourcesBuildPhase;
			buildActionMask = 2147483647;
			files = (
				2A64688328D6117200579E2C /* Preview Assets.xcassets in Resources */,
				2A64688028D6117200579E2C /* Assets.xcassets in Resources */,
			);
			runOnlyForDeploymentPostprocessing = 0;
		};
		2A64688628D6117200579E2C /* Resources */ = {
			isa = PBXResourcesBuildPhase;
			buildActionMask = 2147483647;
			files = (
			);
			runOnlyForDeploymentPostprocessing = 0;
		};
		2A64689028D6117300579E2C /* Resources */ = {
			isa = PBXResourcesBuildPhase;
			buildActionMask = 2147483647;
			files = (
			);
			runOnlyForDeploymentPostprocessing = 0;
		};
/* End PBXResourcesBuildPhase section */

/* Begin PBXSourcesBuildPhase section */
		2A64687428D6116A00579E2C /* Sources */ = {
			isa = PBXSourcesBuildPhase;
			buildActionMask = 2147483647;
			files = (
				2A6468AD28D6129A00579E2C /* AvocadosView.swift in Sources */,
				2A6468AE28D6129A00579E2C /* RipeningStagesView.swift in Sources */,
				2A64687E28D6116A00579E2C /* ContentView.swift in Sources */,
				2A6468AF28D6129A00579E2C /* SettingsView.swift in Sources */,
				2A64687C28D6116A00579E2C /* AVOApp.swift in Sources */,
				2A6468AC28D6129A00579E2C /* AppView.swift in Sources */,
				2A6468B328D6285C00579E2C /* HeaderModel.swift in Sources */,
				2A6468B528D628CB00579E2C /* HeaderData.swift in Sources */,
				2A6468B728D62C3100579E2C /* DishesView.swift in Sources */,
				2A6468B128D61AB500579E2C /* HeaderView.swift in Sources */,
			);
			runOnlyForDeploymentPostprocessing = 0;
		};
		2A64688428D6117200579E2C /* Sources */ = {
			isa = PBXSourcesBuildPhase;
			buildActionMask = 2147483647;
			files = (
				2A64688D28D6117200579E2C /* AVOTests.swift in Sources */,
			);
			runOnlyForDeploymentPostprocessing = 0;
		};
		2A64688E28D6117300579E2C /* Sources */ = {
			isa = PBXSourcesBuildPhase;
			buildActionMask = 2147483647;
			files = (
				2A64689728D6117300579E2C /* AVOUITests.swift in Sources */,
				2A64689928D6117300579E2C /* AVOUITestsLaunchTests.swift in Sources */,
			);
			runOnlyForDeploymentPostprocessing = 0;
		};
/* End PBXSourcesBuildPhase section */

/* Begin PBXTargetDependency section */
		2A64688A28D6117200579E2C /* PBXTargetDependency */ = {
			isa = PBXTargetDependency;
			target = 2A64687728D6116A00579E2C /* AVO */;
			targetProxy = 2A64688928D6117200579E2C /* PBXContainerItemProxy */;
		};
		2A64689428D6117300579E2C /* PBXTargetDependency */ = {
			isa = PBXTargetDependency;
			target = 2A64687728D6116A00579E2C /* AVO */;
			targetProxy = 2A64689328D6117300579E2C /* PBXContainerItemProxy */;
		};
/* End PBXTargetDependency section */

/* Begin XCBuildConfiguration section */
		2A64689A28D6117300579E2C /* Debug */ = {
			isa = XCBuildConfiguration;
			buildSettings = {
				ALWAYS_SEARCH_USER_PATHS = NO;
				CLANG_ANALYZER_NONNULL = YES;
				CLANG_ANALYZER_NUMBER_OBJECT_CONVERSION = YES_AGGRESSIVE;
				CLANG_CXX_LANGUAGE_STANDARD = "gnu++17";
				CLANG_ENABLE_MODULES = YES;
				CLANG_ENABLE_OBJC_ARC = YES;
				CLANG_ENABLE_OBJC_WEAK = YES;
				CLANG_WARN_BLOCK_CAPTURE_AUTORELEASING = YES;
				CLANG_WARN_BOOL_CONVERSION = YES;
				CLANG_WARN_COMMA = YES;
				CLANG_WARN_CONSTANT_CONVERSION = YES;
				CLANG_WARN_DEPRECATED_OBJC_IMPLEMENTATIONS = YES;
				CLANG_WARN_DIRECT_OBJC_ISA_USAGE = YES_ERROR;
				CLANG_WARN_DOCUMENTATION_COMMENTS = YES;
				CLANG_WARN_EMPTY_BODY = YES;
				CLANG_WARN_ENUM_CONVERSION = YES;
				CLANG_WARN_INFINITE_RECURSION = YES;
				CLANG_WARN_INT_CONVERSION = YES;
				CLANG_WARN_NON_LITERAL_NULL_CONVERSION = YES;
				CLANG_WARN_OBJC_IMPLICIT_RETAIN_SELF = YES;
				CLANG_WARN_OBJC_LITERAL_CONVERSION = YES;
				CLANG_WARN_OBJC_ROOT_CLASS = YES_ERROR;
				CLANG_WARN_QUOTED_INCLUDE_IN_FRAMEWORK_HEADER = YES;
				CLANG_WARN_RANGE_LOOP_ANALYSIS = YES;
				CLANG_WARN_STRICT_PROTOTYPES = YES;
				CLANG_WARN_SUSPICIOUS_MOVE = YES;
				CLANG_WARN_UNGUARDED_AVAILABILITY = YES_AGGRESSIVE;
				CLANG_WARN_UNREACHABLE_CODE = YES;
				CLANG_WARN__DUPLICATE_METHOD_MATCH = YES;
				COPY_PHASE_STRIP = NO;
				DEBUG_INFORMATION_FORMAT = dwarf;
				ENABLE_STRICT_OBJC_MSGSEND = YES;
				ENABLE_TESTABILITY = YES;
				GCC_C_LANGUAGE_STANDARD = gnu11;
				GCC_DYNAMIC_NO_PIC = NO;
				GCC_NO_COMMON_BLOCKS = YES;
				GCC_OPTIMIZATION_LEVEL = 0;
				GCC_PREPROCESSOR_DEFINITIONS = (
					"DEBUG=1",
					"$(inherited)",
				);
				GCC_WARN_64_TO_32_BIT_CONVERSION = YES;
				GCC_WARN_ABOUT_RETURN_TYPE = YES_ERROR;
				GCC_WARN_UNDECLARED_SELECTOR = YES;
				GCC_WARN_UNINITIALIZED_AUTOS = YES_AGGRESSIVE;
				GCC_WARN_UNUSED_FUNCTION = YES;
				GCC_WARN_UNUSED_VARIABLE = YES;
				IPHONEOS_DEPLOYMENT_TARGET = 15.5;
				MTL_ENABLE_DEBUG_INFO = INCLUDE_SOURCE;
				MTL_FAST_MATH = YES;
				ONLY_ACTIVE_ARCH = YES;
				SDKROOT = iphoneos;
				SWIFT_ACTIVE_COMPILATION_CONDITIONS = DEBUG;
				SWIFT_OPTIMIZATION_LEVEL = "-Onone";
			};
			name = Debug;
		};
		2A64689B28D6117300579E2C /* Release */ = {
			isa = XCBuildConfiguration;
			buildSettings = {
				ALWAYS_SEARCH_USER_PATHS = NO;
				CLANG_ANALYZER_NONNULL = YES;
				CLANG_ANALYZER_NUMBER_OBJECT_CONVERSION = YES_AGGRESSIVE;
				CLANG_CXX_LANGUAGE_STANDARD = "gnu++17";
				CLANG_ENABLE_MODULES = YES;
				CLANG_ENABLE_OBJC_ARC = YES;
				CLANG_ENABLE_OBJC_WEAK = YES;
				CLANG_WARN_BLOCK_CAPTURE_AUTORELEASING = YES;
				CLANG_WARN_BOOL_CONVERSION = YES;
				CLANG_WARN_COMMA = YES;
				CLANG_WARN_CONSTANT_CONVERSION = YES;
				CLANG_WARN_DEPRECATED_OBJC_IMPLEMENTATIONS = YES;
				CLANG_WARN_DIRECT_OBJC_ISA_USAGE = YES_ERROR;
				CLANG_WARN_DOCUMENTATION_COMMENTS = YES;
				CLANG_WARN_EMPTY_BODY = YES;
				CLANG_WARN_ENUM_CONVERSION = YES;
				CLANG_WARN_INFINITE_RECURSION = YES;
				CLANG_WARN_INT_CONVERSION = YES;
				CLANG_WARN_NON_LITERAL_NULL_CONVERSION = YES;
				CLANG_WARN_OBJC_IMPLICIT_RETAIN_SELF = YES;
				CLANG_WARN_OBJC_LITERAL_CONVERSION = YES;
				CLANG_WARN_OBJC_ROOT_CLASS = YES_ERROR;
				CLANG_WARN_QUOTED_INCLUDE_IN_FRAMEWORK_HEADER = YES;
				CLANG_WARN_RANGE_LOOP_ANALYSIS = YES;
				CLANG_WARN_STRICT_PROTOTYPES = YES;
				CLANG_WARN_SUSPICIOUS_MOVE = YES;
				CLANG_WARN_UNGUARDED_AVAILABILITY = YES_AGGRESSIVE;
				CLANG_WARN_UNREACHABLE_CODE = YES;
				CLANG_WARN__DUPLICATE_METHOD_MATCH = YES;
				COPY_PHASE_STRIP = NO;
				DEBUG_INFORMATION_FORMAT = "dwarf-with-dsym";
				ENABLE_NS_ASSERTIONS = NO;
				ENABLE_STRICT_OBJC_MSGSEND = YES;
				GCC_C_LANGUAGE_STANDARD = gnu11;
				GCC_NO_COMMON_BLOCKS = YES;
				GCC_WARN_64_TO_32_BIT_CONVERSION = YES;
				GCC_WARN_ABOUT_RETURN_TYPE = YES_ERROR;
				GCC_WARN_UNDECLARED_SELECTOR = YES;
				GCC_WARN_UNINITIALIZED_AUTOS = YES_AGGRESSIVE;
				GCC_WARN_UNUSED_FUNCTION = YES;
				GCC_WARN_UNUSED_VARIABLE = YES;
				IPHONEOS_DEPLOYMENT_TARGET = 15.5;
				MTL_ENABLE_DEBUG_INFO = NO;
				MTL_FAST_MATH = YES;
				SDKROOT = iphoneos;
				SWIFT_COMPILATION_MODE = wholemodule;
				SWIFT_OPTIMIZATION_LEVEL = "-O";
				VALIDATE_PRODUCT = YES;
			};
			name = Release;
		};
		2A64689D28D6117300579E2C /* Debug */ = {
			isa = XCBuildConfiguration;
			buildSettings = {
				ASSETCATALOG_COMPILER_APPICON_NAME = AppIcon;
				ASSETCATALOG_COMPILER_GLOBAL_ACCENT_COLOR_NAME = AccentColor;
				CODE_SIGN_STYLE = Automatic;
				CURRENT_PROJECT_VERSION = 1;
				DEVELOPMENT_ASSET_PATHS = "\"AVO/Preview Content\"";
				DEVELOPMENT_TEAM = 9JRM3SAZ2F;
				ENABLE_PREVIEWS = YES;
				GENERATE_INFOPLIST_FILE = YES;
				INFOPLIST_KEY_UIApplicationSceneManifest_Generation = YES;
				INFOPLIST_KEY_UIApplicationSupportsIndirectInputEvents = YES;
				INFOPLIST_KEY_UILaunchScreen_Generation = YES;
				INFOPLIST_KEY_UISupportedInterfaceOrientations_iPad = "UIInterfaceOrientationPortrait UIInterfaceOrientationPortraitUpsideDown UIInterfaceOrientationLandscapeLeft UIInterfaceOrientationLandscapeRight";
				INFOPLIST_KEY_UISupportedInterfaceOrientations_iPhone = "UIInterfaceOrientationPortrait UIInterfaceOrientationLandscapeLeft UIInterfaceOrientationLandscapeRight";
				LD_RUNPATH_SEARCH_PATHS = (
					"$(inherited)",
					"@executable_path/Frameworks",
				);
				MARKETING_VERSION = 1.0;
				PRODUCT_BUNDLE_IDENTIFIER = hazemsmawy.AVO;
				PRODUCT_NAME = "$(TARGET_NAME)";
				SWIFT_EMIT_LOC_STRINGS = YES;
				SWIFT_VERSION = 5.0;
				TARGETED_DEVICE_FAMILY = "1,2";
			};
			name = Debug;
		};
		2A64689E28D6117300579E2C /* Release */ = {
			isa = XCBuildConfiguration;
			buildSettings = {
				ASSETCATALOG_COMPILER_APPICON_NAME = AppIcon;
				ASSETCATALOG_COMPILER_GLOBAL_ACCENT_COLOR_NAME = AccentColor;
				CODE_SIGN_STYLE = Automatic;
				CURRENT_PROJECT_VERSION = 1;
				DEVELOPMENT_ASSET_PATHS = "\"AVO/Preview Content\"";
				DEVELOPMENT_TEAM = 9JRM3SAZ2F;
				ENABLE_PREVIEWS = YES;
				GENERATE_INFOPLIST_FILE = YES;
				INFOPLIST_KEY_UIApplicationSceneManifest_Generation = YES;
				INFOPLIST_KEY_UIApplicationSupportsIndirectInputEvents = YES;
				INFOPLIST_KEY_UILaunchScreen_Generation = YES;
				INFOPLIST_KEY_UISupportedInterfaceOrientations_iPad = "UIInterfaceOrientationPortrait UIInterfaceOrientationPortraitUpsideDown UIInterfaceOrientationLandscapeLeft UIInterfaceOrientationLandscapeRight";
				INFOPLIST_KEY_UISupportedInterfaceOrientations_iPhone = "UIInterfaceOrientationPortrait UIInterfaceOrientationLandscapeLeft UIInterfaceOrientationLandscapeRight";
				LD_RUNPATH_SEARCH_PATHS = (
					"$(inherited)",
					"@executable_path/Frameworks",
				);
				MARKETING_VERSION = 1.0;
				PRODUCT_BUNDLE_IDENTIFIER = hazemsmawy.AVO;
				PRODUCT_NAME = "$(TARGET_NAME)";
				SWIFT_EMIT_LOC_STRINGS = YES;
				SWIFT_VERSION = 5.0;
				TARGETED_DEVICE_FAMILY = "1,2";
			};
			name = Release;
		};
		2A6468A028D6117300579E2C /* Debug */ = {
			isa = XCBuildConfiguration;
			buildSettings = {
				ALWAYS_EMBED_SWIFT_STANDARD_LIBRARIES = YES;
				BUNDLE_LOADER = "$(TEST_HOST)";
				CODE_SIGN_STYLE = Automatic;
				CURRENT_PROJECT_VERSION = 1;
				DEVELOPMENT_TEAM = 9JRM3SAZ2F;
				GENERATE_INFOPLIST_FILE = YES;
				IPHONEOS_DEPLOYMENT_TARGET = 15.5;
				MARKETING_VERSION = 1.0;
				PRODUCT_BUNDLE_IDENTIFIER = hazemsmawy.AVOTests;
				PRODUCT_NAME = "$(TARGET_NAME)";
				SWIFT_EMIT_LOC_STRINGS = NO;
				SWIFT_VERSION = 5.0;
				TARGETED_DEVICE_FAMILY = "1,2";
				TEST_HOST = "$(BUILT_PRODUCTS_DIR)/AVO.app/AVO";
			};
			name = Debug;
		};
		2A6468A128D6117300579E2C /* Release */ = {
			isa = XCBuildConfiguration;
			buildSettings = {
				ALWAYS_EMBED_SWIFT_STANDARD_LIBRARIES = YES;
				BUNDLE_LOADER = "$(TEST_HOST)";
				CODE_SIGN_STYLE = Automatic;
				CURRENT_PROJECT_VERSION = 1;
				DEVELOPMENT_TEAM = 9JRM3SAZ2F;
				GENERATE_INFOPLIST_FILE = YES;
				IPHONEOS_DEPLOYMENT_TARGET = 15.5;
				MARKETING_VERSION = 1.0;
				PRODUCT_BUNDLE_IDENTIFIER = hazemsmawy.AVOTests;
				PRODUCT_NAME = "$(TARGET_NAME)";
				SWIFT_EMIT_LOC_STRINGS = NO;
				SWIFT_VERSION = 5.0;
				TARGETED_DEVICE_FAMILY = "1,2";
				TEST_HOST = "$(BUILT_PRODUCTS_DIR)/AVO.app/AVO";
			};
			name = Release;
		};
		2A6468A328D6117300579E2C /* Debug */ = {
			isa = XCBuildConfiguration;
			buildSettings = {
				ALWAYS_EMBED_SWIFT_STANDARD_LIBRARIES = YES;
				CODE_SIGN_STYLE = Automatic;
				CURRENT_PROJECT_VERSION = 1;
				DEVELOPMENT_TEAM = 9JRM3SAZ2F;
				GENERATE_INFOPLIST_FILE = YES;
				MARKETING_VERSION = 1.0;
				PRODUCT_BUNDLE_IDENTIFIER = hazemsmawy.AVOUITests;
				PRODUCT_NAME = "$(TARGET_NAME)";
				SWIFT_EMIT_LOC_STRINGS = NO;
				SWIFT_VERSION = 5.0;
				TARGETED_DEVICE_FAMILY = "1,2";
				TEST_TARGET_NAME = AVO;
			};
			name = Debug;
		};
		2A6468A428D6117300579E2C /* Release */ = {
			isa = XCBuildConfiguration;
			buildSettings = {
				ALWAYS_EMBED_SWIFT_STANDARD_LIBRARIES = YES;
				CODE_SIGN_STYLE = Automatic;
				CURRENT_PROJECT_VERSION = 1;
				DEVELOPMENT_TEAM = 9JRM3SAZ2F;
				GENERATE_INFOPLIST_FILE = YES;
				MARKETING_VERSION = 1.0;
				PRODUCT_BUNDLE_IDENTIFIER = hazemsmawy.AVOUITests;
				PRODUCT_NAME = "$(TARGET_NAME)";
				SWIFT_EMIT_LOC_STRINGS = NO;
				SWIFT_VERSION = 5.0;
				TARGETED_DEVICE_FAMILY = "1,2";
				TEST_TARGET_NAME = AVO;
			};
			name = Release;
		};
/* End XCBuildConfiguration section */

/* Begin XCConfigurationList section */
		2A64687328D6116A00579E2C /* Build configuration list for PBXProject "AVO" */ = {
			isa = XCConfigurationList;
			buildConfigurations = (
				2A64689A28D6117300579E2C /* Debug */,
				2A64689B28D6117300579E2C /* Release */,
			);
			defaultConfigurationIsVisible = 0;
			defaultConfigurationName = Release;
		};
		2A64689C28D6117300579E2C /* Build configuration list for PBXNativeTarget "AVO" */ = {
			isa = XCConfigurationList;
			buildConfigurations = (
				2A64689D28D6117300579E2C /* Debug */,
				2A64689E28D6117300579E2C /* Release */,
			);
			defaultConfigurationIsVisible = 0;
			defaultConfigurationName = Release;
		};
		2A64689F28D6117300579E2C /* Build configuration list for PBXNativeTarget "AVOTests" */ = {
			isa = XCConfigurationList;
			buildConfigurations = (
				2A6468A028D6117300579E2C /* Debug */,
				2A6468A128D6117300579E2C /* Release */,
			);
			defaultConfigurationIsVisible = 0;
			defaultConfigurationName = Release;
		};
		2A6468A228D6117300579E2C /* Build configuration list for PBXNativeTarget "AVOUITests" */ = {
			isa = XCConfigurationList;
			buildConfigurations = (
				2A6468A328D6117300579E2C /* Debug */,
				2A6468A428D6117300579E2C /* Release */,
			);
			defaultConfigurationIsVisible = 0;
			defaultConfigurationName = Release;
		};
/* End XCConfigurationList section */
	};
	rootObject = 2A64687028D6116A00579E2C /* Project object */;
}
